
Microsoft Visual Studio Solution File, Format Version 12.00
# Visual Studio Version 17
VisualStudioVersion = 17.11.35219.272
MinimumVisualStudioVersion = 10.0.40219.1
Project("{888888A0-9F3D-457C-B088-3A5042F75D52}") = "IsaretDili", "IsaretDili\IsaretDili.pyproj", "{D6E21486-FB0B-414E-837A-B18675F1466E}"
EndProject
Global
	GlobalSection(SolutionConfigurationPlatforms) = preSolution
		Debug|Any CPU = Debug|Any CPU
		Release|Any CPU = Release|Any CPU
	EndGlobalSection
	GlobalSection(ProjectConfigurationPlatforms) = postSolution
		{D6E21486-FB0B-414E-837A-B18675F1466E}.Debug|Any CPU.ActiveCfg = Debug|Any CPU
		{D6E21486-FB0B-414E-837A-B18675F1466E}.Release|Any CPU.ActiveCfg = Release|Any CPU
	EndGlobalSection
	GlobalSection(SolutionProperties) = preSolution
		HideSolutionNode = FALSE
	EndGlobalSection
	GlobalSection(ExtensibilityGlobals) = postSolution
		SolutionGuid = {A5FBF47B-79E2-4C8B-B92D-731578B17806}
	EndGlobalSection
EndGlobal
